
Microsoft Visual Studio Solution File, Format Version 12.00
# Visual Studio 15
VisualStudioVersion = 15.0.28010.2036
MinimumVisualStudioVersion = 10.0.40219.1
Project("{FAE04EC0-301F-11D3-BF4B-00C04F79EFBC}") = "Apperger.Android", "Apperger\Apperger.Android\Apperger.Android.csproj", "{916CE726-140A-4CFD-A0DB-84971BFC7FF5}"
EndProject
Project("{FAE04EC0-301F-11D3-BF4B-00C04F79EFBC}") = "Apperger", "Apperger\Apperger\Apperger.csproj", "{45117276-8ABB-4035-AD70-1666BE75975D}"
EndProject
Global
	GlobalSection(SolutionConfigurationPlatforms) = preSolution
		Debug|Any CPU = Debug|Any CPU
		Release|Any CPU = Release|Any CPU
	EndGlobalSection
	GlobalSection(ProjectConfigurationPlatforms) = postSolution
		{916CE726-140A-4CFD-A0DB-84971BFC7FF5}.Debug|Any CPU.ActiveCfg = Debug|Any CPU
		{916CE726-140A-4CFD-A0DB-84971BFC7FF5}.Debug|Any CPU.Build.0 = Debug|Any CPU
		{916CE726-140A-4CFD-A0DB-84971BFC7FF5}.Debug|Any CPU.Deploy.0 = Debug|Any CPU
		{916CE726-140A-4CFD-A0DB-84971BFC7FF5}.Release|Any CPU.ActiveCfg = Release|Any CPU
		{916CE726-140A-4CFD-A0DB-84971BFC7FF5}.Release|Any CPU.Build.0 = Release|Any CPU
		{916CE726-140A-4CFD-A0DB-84971BFC7FF5}.Release|Any CPU.Deploy.0 = Release|Any CPU
		{45117276-8ABB-4035-AD70-1666BE75975D}.Debug|Any CPU.ActiveCfg = Debug|Any CPU
		{45117276-8ABB-4035-AD70-1666BE75975D}.Debug|Any CPU.Build.0 = Debug|Any CPU
		{45117276-8ABB-4035-AD70-1666BE75975D}.Debug|Any CPU.Deploy.0 = Debug|Any CPU
		{45117276-8ABB-4035-AD70-1666BE75975D}.Release|Any CPU.ActiveCfg = Release|Any CPU
		{45117276-8ABB-4035-AD70-1666BE75975D}.Release|Any CPU.Build.0 = Release|Any CPU
		{45117276-8ABB-4035-AD70-1666BE75975D}.Release|Any CPU.Deploy.0 = Release|Any CPU
	EndGlobalSection
	GlobalSection(SolutionProperties) = preSolution
		HideSolutionNode = FALSE
	EndGlobalSection
	GlobalSection(ExtensibilityGlobals) = postSolution
		SolutionGuid = {0D3A57AD-CAFF-415A-B0B3-89C4D2756ABA}
	EndGlobalSection
EndGlobal
